
Microsoft Visual Studio Solution File, Format Version 12.00
# Visual Studio Version 17
VisualStudioVersion = 17.8.34330.188
MinimumVisualStudioVersion = 10.0.40219.1
Project("{9A19103F-16F7-4668-BE54-9A1E7A4F7556}") = "teamproject", "teamproject\teamproject.csproj", "{C57C05E2-FDFE-4E29-AF0F-A27813365B3C}"
EndProject
Global
	GlobalSection(SolutionConfigurationPlatforms) = preSolution
		Debug|Any CPU = Debug|Any CPU
		Release|Any CPU = Release|Any CPU
	EndGlobalSection
	GlobalSection(ProjectConfigurationPlatforms) = postSolution
		{C57C05E2-FDFE-4E29-AF0F-A27813365B3C}.Debug|Any CPU.ActiveCfg = Debug|Any CPU
		{C57C05E2-FDFE-4E29-AF0F-A27813365B3C}.Debug|Any CPU.Build.0 = Debug|Any CPU
		{C57C05E2-FDFE-4E29-AF0F-A27813365B3C}.Release|Any CPU.ActiveCfg = Release|Any CPU
		{C57C05E2-FDFE-4E29-AF0F-A27813365B3C}.Release|Any CPU.Build.0 = Release|Any CPU
	EndGlobalSection
	GlobalSection(SolutionProperties) = preSolution
		HideSolutionNode = FALSE
	EndGlobalSection
	GlobalSection(ExtensibilityGlobals) = postSolution
		SolutionGuid = {33FE6C89-C9CC-450E-9DB8-BC4239580EEF}
	EndGlobalSection
EndGlobal
